// !$*UTF8*$!
{
	archiveVersion = 1;
	classes = {
	};
	objectVersion = 50;
	objects = {

/* Begin PBXBuildFile section */
		EB324568233E6281000C3250 /* DropDownCell.swift in Sources */ = {isa = PBXBuildFile; fileRef = EB324567233E6281000C3250 /* DropDownCell.swift */; };
		EBDD789F232DCB6C008CFC6D /* AppDelegate.swift in Sources */ = {isa = PBXBuildFile; fileRef = EBDD789E232DCB6C008CFC6D /* AppDelegate.swift */; };
		EBDD78A3232DCB6C008CFC6D /* ViewController.swift in Sources */ = {isa = PBXBuildFile; fileRef = EBDD78A2232DCB6C008CFC6D /* ViewController.swift */; };
		EBDD78A6232DCB6C008CFC6D /* Main.storyboard in Resources */ = {isa = PBXBuildFile; fileRef = EBDD78A4232DCB6C008CFC6D /* Main.storyboard */; };
		EBDD78A9232DCB6C008CFC6D /* Airbnb_Price_Navigator.xcdatamodeld in Sources */ = {isa = PBXBuildFile; fileRef = EBDD78A7232DCB6C008CFC6D /* Airbnb_Price_Navigator.xcdatamodeld */; };
		EBDD78AB232DCB71008CFC6D /* Assets.xcassets in Resources */ = {isa = PBXBuildFile; fileRef = EBDD78AA232DCB71008CFC6D /* Assets.xcassets */; };
		EBDD78AE232DCB71008CFC6D /* LaunchScreen.storyboard in Resources */ = {isa = PBXBuildFile; fileRef = EBDD78AC232DCB71008CFC6D /* LaunchScreen.storyboard */; };
		EBDD78B9232DCF28008CFC6D /* Propetry.swift in Sources */ = {isa = PBXBuildFile; fileRef = EBDD78B8232DCF28008CFC6D /* Propetry.swift */; };
		EBDD78BB232DD5C3008CFC6D /* PropertryController.swift in Sources */ = {isa = PBXBuildFile; fileRef = EBDD78BA232DD5C3008CFC6D /* PropertryController.swift */; };
		EBDD78BD232DD601008CFC6D /* NetworkController.swift in Sources */ = {isa = PBXBuildFile; fileRef = EBDD78BC232DD601008CFC6D /* NetworkController.swift */; };
		EBDD78BF232DFB60008CFC6D /* PropertyViewController.swift in Sources */ = {isa = PBXBuildFile; fileRef = EBDD78BE232DFB60008CFC6D /* PropertyViewController.swift */; };
		EBF9AC1923315F06004664D4 /* PropertyTypeTableViewController.swift in Sources */ = {isa = PBXBuildFile; fileRef = EBF9AC1823315F06004664D4 /* PropertyTypeTableViewController.swift */; };
		EBF9AC1B2332887C004664D4 /* PropertyTypeTableCellController.swift in Sources */ = {isa = PBXBuildFile; fileRef = EBF9AC1A2332887C004664D4 /* PropertyTypeTableCellController.swift */; };
		EBF9AC1F2332AF28004664D4 /* DropDownTextField.swift in Sources */ = {isa = PBXBuildFile; fileRef = EBF9AC1E2332AF28004664D4 /* DropDownTextField.swift */; };
/* End PBXBuildFile section */

/* Begin PBXFileReference section */
		EB324567233E6281000C3250 /* DropDownCell.swift */ = {isa = PBXFileReference; lastKnownFileType = sourcecode.swift; path = DropDownCell.swift; sourceTree = "<group>"; };
		EBDD789B232DCB6C008CFC6D /* Airbnb-Price-Navigator.app */ = {isa = PBXFileReference; explicitFileType = wrapper.application; includeInIndex = 0; path = "Airbnb-Price-Navigator.app"; sourceTree = BUILT_PRODUCTS_DIR; };
		EBDD789E232DCB6C008CFC6D /* AppDelegate.swift */ = {isa = PBXFileReference; lastKnownFileType = sourcecode.swift; path = AppDelegate.swift; sourceTree = "<group>"; };
		EBDD78A2232DCB6C008CFC6D /* ViewController.swift */ = {isa = PBXFileReference; lastKnownFileType = sourcecode.swift; path = ViewController.swift; sourceTree = "<group>"; };
		EBDD78A5232DCB6C008CFC6D /* Base */ = {isa = PBXFileReference; lastKnownFileType = file.storyboard; name = Base; path = Base.lproj/Main.storyboard; sourceTree = "<group>"; };
		EBDD78A8232DCB6C008CFC6D /* Airbnb_Price_Navigator.xcdatamodel */ = {isa = PBXFileReference; lastKnownFileType = wrapper.xcdatamodel; path = Airbnb_Price_Navigator.xcdatamodel; sourceTree = "<group>"; };
		EBDD78AA232DCB71008CFC6D /* Assets.xcassets */ = {isa = PBXFileReference; lastKnownFileType = folder.assetcatalog; path = Assets.xcassets; sourceTree = "<group>"; };
		EBDD78AD232DCB71008CFC6D /* Base */ = {isa = PBXFileReference; lastKnownFileType = file.storyboard; name = Base; path = Base.lproj/LaunchScreen.storyboard; sourceTree = "<group>"; };
		EBDD78AF232DCB71008CFC6D /* Info.plist */ = {isa = PBXFileReference; lastKnownFileType = text.plist.xml; path = Info.plist; sourceTree = "<group>"; };
		EBDD78B8232DCF28008CFC6D /* Propetry.swift */ = {isa = PBXFileReference; lastKnownFileType = sourcecode.swift; path = Propetry.swift; sourceTree = "<group>"; };
		EBDD78BA232DD5C3008CFC6D /* PropertryController.swift */ = {isa = PBXFileReference; lastKnownFileType = sourcecode.swift; path = PropertryController.swift; sourceTree = "<group>"; };
		EBDD78BC232DD601008CFC6D /* NetworkController.swift */ = {isa = PBXFileReference; lastKnownFileType = sourcecode.swift; path = NetworkController.swift; sourceTree = "<group>"; };
		EBDD78BE232DFB60008CFC6D /* PropertyViewController.swift */ = {isa = PBXFileReference; lastKnownFileType = sourcecode.swift; path = PropertyViewController.swift; sourceTree = "<group>"; };
		EBF9AC1823315F06004664D4 /* PropertyTypeTableViewController.swift */ = {isa = PBXFileReference; lastKnownFileType = sourcecode.swift; path = PropertyTypeTableViewController.swift; sourceTree = "<group>"; };
		EBF9AC1A2332887C004664D4 /* PropertyTypeTableCellController.swift */ = {isa = PBXFileReference; lastKnownFileType = sourcecode.swift; path = PropertyTypeTableCellController.swift; sourceTree = "<group>"; };
		EBF9AC1E2332AF28004664D4 /* DropDownTextField.swift */ = {isa = PBXFileReference; lastKnownFileType = sourcecode.swift; path = DropDownTextField.swift; sourceTree = "<group>"; };
/* End PBXFileReference section */

/* Begin PBXFrameworksBuildPhase section */
		EBDD7898232DCB6C008CFC6D /* Frameworks */ = {
			isa = PBXFrameworksBuildPhase;
			buildActionMask = 2147483647;
			files = (
			);
			runOnlyForDeploymentPostprocessing = 0;
		};
/* End PBXFrameworksBuildPhase section */

/* Begin PBXGroup section */
		EBDD7892232DCB6C008CFC6D = {
			isa = PBXGroup;
			children = (
				EBDD789D232DCB6C008CFC6D /* Airbnb-Price-Navigator */,
				EBDD789C232DCB6C008CFC6D /* Products */,
			);
			sourceTree = "<group>";
		};
		EBDD789C232DCB6C008CFC6D /* Products */ = {
			isa = PBXGroup;
			children = (
				EBDD789B232DCB6C008CFC6D /* Airbnb-Price-Navigator.app */,
			);
			name = Products;
			sourceTree = "<group>";
		};
		EBDD789D232DCB6C008CFC6D /* Airbnb-Price-Navigator */ = {
			isa = PBXGroup;
			children = (
				EBF9AC1D2332AEEC004664D4 /* View */,
				EBDD78B7232DCEAD008CFC6D /* Model Controller */,
				EBDD78B6232DCE9B008CFC6D /* View Controller */,
				EBDD78B5232DCE8B008CFC6D /* Model */,
				EBDD789E232DCB6C008CFC6D /* AppDelegate.swift */,
				EBDD78A2232DCB6C008CFC6D /* ViewController.swift */,
				EBDD78A4232DCB6C008CFC6D /* Main.storyboard */,
				EBDD78AA232DCB71008CFC6D /* Assets.xcassets */,
				EBDD78AC232DCB71008CFC6D /* LaunchScreen.storyboard */,
				EBDD78AF232DCB71008CFC6D /* Info.plist */,
				EBDD78A7232DCB6C008CFC6D /* Airbnb_Price_Navigator.xcdatamodeld */,
			);
			path = "Airbnb-Price-Navigator";
			sourceTree = "<group>";
		};
		EBDD78B5232DCE8B008CFC6D /* Model */ = {
			isa = PBXGroup;
			children = (
				EBDD78B8232DCF28008CFC6D /* Propetry.swift */,
			);
			path = Model;
			sourceTree = "<group>";
		};
		EBDD78B6232DCE9B008CFC6D /* View Controller */ = {
			isa = PBXGroup;
			children = (
				EBDD78BE232DFB60008CFC6D /* PropertyViewController.swift */,
				EBF9AC1823315F06004664D4 /* PropertyTypeTableViewController.swift */,
				EBF9AC1A2332887C004664D4 /* PropertyTypeTableCellController.swift */,
			);
			path = "View Controller";
			sourceTree = "<group>";
		};
		EBDD78B7232DCEAD008CFC6D /* Model Controller */ = {
			isa = PBXGroup;
			children = (
				EBDD78BA232DD5C3008CFC6D /* PropertryController.swift */,
				EBDD78BC232DD601008CFC6D /* NetworkController.swift */,
			);
			path = "Model Controller";
			sourceTree = "<group>";
		};
		EBF9AC1D2332AEEC004664D4 /* View */ = {
			isa = PBXGroup;
			children = (
				EB324567233E6281000C3250 /* DropDownCell.swift */,
				EBF9AC1E2332AF28004664D4 /* DropDownTextField.swift */,
			);
			path = View;
			sourceTree = "<group>";
		};
/* End PBXGroup section */

/* Begin PBXNativeTarget section */
		EBDD789A232DCB6C008CFC6D /* Airbnb-Price-Navigator */ = {
			isa = PBXNativeTarget;
			buildConfigurationList = EBDD78B2232DCB71008CFC6D /* Build configuration list for PBXNativeTarget "Airbnb-Price-Navigator" */;
			buildPhases = (
				EBDD7897232DCB6C008CFC6D /* Sources */,
				EBDD7898232DCB6C008CFC6D /* Frameworks */,
				EBDD7899232DCB6C008CFC6D /* Resources */,
			);
			buildRules = (
			);
			dependencies = (
			);
			name = "Airbnb-Price-Navigator";
			productName = "Airbnb-Price-Navigator";
			productReference = EBDD789B232DCB6C008CFC6D /* Airbnb-Price-Navigator.app */;
			productType = "com.apple.product-type.application";
		};
/* End PBXNativeTarget section */

/* Begin PBXProject section */
		EBDD7893232DCB6C008CFC6D /* Project object */ = {
			isa = PBXProject;
			attributes = {
				LastSwiftUpdateCheck = 1100;
				LastUpgradeCheck = 1100;
				ORGANIZATIONNAME = "Iyin Raphael";
				TargetAttributes = {
					EBDD789A232DCB6C008CFC6D = {
						CreatedOnToolsVersion = 11.0;
					};
				};
			};
			buildConfigurationList = EBDD7896232DCB6C008CFC6D /* Build configuration list for PBXProject "Airbnb-Price-Navigator" */;
			compatibilityVersion = "Xcode 9.3";
			developmentRegion = en;
			hasScannedForEncodings = 0;
			knownRegions = (
				en,
				Base,
			);
			mainGroup = EBDD7892232DCB6C008CFC6D;
			productRefGroup = EBDD789C232DCB6C008CFC6D /* Products */;
			projectDirPath = "";
			projectRoot = "";
			targets = (
				EBDD789A232DCB6C008CFC6D /* Airbnb-Price-Navigator */,
			);
		};
/* End PBXProject section */

/* Begin PBXResourcesBuildPhase section */
		EBDD7899232DCB6C008CFC6D /* Resources */ = {
			isa = PBXResourcesBuildPhase;
			buildActionMask = 2147483647;
			files = (
				EBDD78AE232DCB71008CFC6D /* LaunchScreen.storyboard in Resources */,
				EBDD78AB232DCB71008CFC6D /* Assets.xcassets in Resources */,
				EBDD78A6232DCB6C008CFC6D /* Main.storyboard in Resources */,
			);
			runOnlyForDeploymentPostprocessing = 0;
		};
/* End PBXResourcesBuildPhase section */

/* Begin PBXSourcesBuildPhase section */
		EBDD7897232DCB6C008CFC6D /* Sources */ = {
			isa = PBXSourcesBuildPhase;
			buildActionMask = 2147483647;
			files = (
				EB324568233E6281000C3250 /* DropDownCell.swift in Sources */,
				EBDD78A3232DCB6C008CFC6D /* ViewController.swift in Sources */,
				EBF9AC1B2332887C004664D4 /* PropertyTypeTableCellController.swift in Sources */,
				EBDD78A9232DCB6C008CFC6D /* Airbnb_Price_Navigator.xcdatamodeld in Sources */,
				EBF9AC1923315F06004664D4 /* PropertyTypeTableViewController.swift in Sources */,
				EBDD789F232DCB6C008CFC6D /* AppDelegate.swift in Sources */,
				EBDD78BF232DFB60008CFC6D /* PropertyViewController.swift in Sources */,
				EBF9AC1F2332AF28004664D4 /* DropDownTextField.swift in Sources */,
				EBDD78BB232DD5C3008CFC6D /* PropertryController.swift in Sources */,
				EBDD78BD232DD601008CFC6D /* NetworkController.swift in Sources */,
				EBDD78B9232DCF28008CFC6D /* Propetry.swift in Sources */,
			);
			runOnlyForDeploymentPostprocessing = 0;
		};
/* End PBXSourcesBuildPhase section */

/* Begin PBXVariantGroup section */
		EBDD78A4232DCB6C008CFC6D /* Main.storyboard */ = {
			isa = PBXVariantGroup;
			children = (
				EBDD78A5232DCB6C008CFC6D /* Base */,
			);
			name = Main.storyboard;
			sourceTree = "<group>";
		};
		EBDD78AC232DCB71008CFC6D /* LaunchScreen.storyboard */ = {
			isa = PBXVariantGroup;
			children = (
				EBDD78AD232DCB71008CFC6D /* Base */,
			);
			name = LaunchScreen.storyboard;
			sourceTree = "<group>";
		};
/* End PBXVariantGroup section */

/* Begin XCBuildConfiguration section */
		EBDD78B0232DCB71008CFC6D /* Debug */ = {
			isa = XCBuildConfiguration;
			buildSettings = {
				ALWAYS_SEARCH_USER_PATHS = NO;
				CLANG_ANALYZER_NONNULL = YES;
				CLANG_ANALYZER_NUMBER_OBJECT_CONVERSION = YES_AGGRESSIVE;
				CLANG_CXX_LANGUAGE_STANDARD = "gnu++14";
				CLANG_CXX_LIBRARY = "libc++";
				CLANG_ENABLE_MODULES = YES;
				CLANG_ENABLE_OBJC_ARC = YES;
				CLANG_ENABLE_OBJC_WEAK = YES;
				CLANG_WARN_BLOCK_CAPTURE_AUTORELEASING = YES;
				CLANG_WARN_BOOL_CONVERSION = YES;
				CLANG_WARN_COMMA = YES;
				CLANG_WARN_CONSTANT_CONVERSION = YES;
				CLANG_WARN_DEPRECATED_OBJC_IMPLEMENTATIONS = YES;
				CLANG_WARN_DIRECT_OBJC_ISA_USAGE = YES_ERROR;
				CLANG_WARN_DOCUMENTATION_COMMENTS = YES;
				CLANG_WARN_EMPTY_BODY = YES;
				CLANG_WARN_ENUM_CONVERSION = YES;
				CLANG_WARN_INFINITE_RECURSION = YES;
				CLANG_WARN_INT_CONVERSION = YES;
				CLANG_WARN_NON_LITERAL_NULL_CONVERSION = YES;
				CLANG_WARN_OBJC_IMPLICIT_RETAIN_SELF = YES;
				CLANG_WARN_OBJC_LITERAL_CONVERSION = YES;
				CLANG_WARN_OBJC_ROOT_CLASS = YES_ERROR;
				CLANG_WARN_RANGE_LOOP_ANALYSIS = YES;
				CLANG_WARN_STRICT_PROTOTYPES = YES;
				CLANG_WARN_SUSPICIOUS_MOVE = YES;
				CLANG_WARN_UNGUARDED_AVAILABILITY = YES_AGGRESSIVE;
				CLANG_WARN_UNREACHABLE_CODE = YES;
				CLANG_WARN__DUPLICATE_METHOD_MATCH = YES;
				COPY_PHASE_STRIP = NO;
				DEBUG_INFORMATION_FORMAT = dwarf;
				ENABLE_STRICT_OBJC_MSGSEND = YES;
				ENABLE_TESTABILITY = YES;
				GCC_C_LANGUAGE_STANDARD = gnu11;
				GCC_DYNAMIC_NO_PIC = NO;
				GCC_NO_COMMON_BLOCKS = YES;
				GCC_OPTIMIZATION_LEVEL = 0;
				GCC_PREPROCESSOR_DEFINITIONS = (
					"DEBUG=1",
					"$(inherited)",
				);
				GCC_WARN_64_TO_32_BIT_CONVERSION = YES;
				GCC_WARN_ABOUT_RETURN_TYPE = YES_ERROR;
				GCC_WARN_UNDECLARED_SELECTOR = YES;
				GCC_WARN_UNINITIALIZED_AUTOS = YES_AGGRESSIVE;
				GCC_WARN_UNUSED_FUNCTION = YES;
				GCC_WARN_UNUSED_VARIABLE = YES;
				IPHONEOS_DEPLOYMENT_TARGET = 13.0;
				MTL_ENABLE_DEBUG_INFO = INCLUDE_SOURCE;
				MTL_FAST_MATH = YES;
				ONLY_ACTIVE_ARCH = YES;
				SDKROOT = iphoneos;
				SWIFT_ACTIVE_COMPILATION_CONDITIONS = DEBUG;
				SWIFT_OPTIMIZATION_LEVEL = "-Onone";
			};
			name = Debug;
		};
		EBDD78B1232DCB71008CFC6D /* Release */ = {
			isa = XCBuildConfiguration;
			buildSettings = {
				ALWAYS_SEARCH_USER_PATHS = NO;
				CLANG_ANALYZER_NONNULL = YES;
				CLANG_ANALYZER_NUMBER_OBJECT_CONVERSION = YES_AGGRESSIVE;
				CLANG_CXX_LANGUAGE_STANDARD = "gnu++14";
				CLANG_CXX_LIBRARY = "libc++";
				CLANG_ENABLE_MODULES = YES;
				CLANG_ENABLE_OBJC_ARC = YES;
				CLANG_ENABLE_OBJC_WEAK = YES;
				CLANG_WARN_BLOCK_CAPTURE_AUTORELEASING = YES;
				CLANG_WARN_BOOL_CONVERSION = YES;
				CLANG_WARN_COMMA = YES;
				CLANG_WARN_CONSTANT_CONVERSION = YES;
				CLANG_WARN_DEPRECATED_OBJC_IMPLEMENTATIONS = YES;
				CLANG_WARN_DIRECT_OBJC_ISA_USAGE = YES_ERROR;
				CLANG_WARN_DOCUMENTATION_COMMENTS = YES;
				CLANG_WARN_EMPTY_BODY = YES;
				CLANG_WARN_ENUM_CONVERSION = YES;
				CLANG_WARN_INFINITE_RECURSION = YES;
				CLANG_WARN_INT_CONVERSION = YES;
				CLANG_WARN_NON_LITERAL_NULL_CONVERSION = YES;
				CLANG_WARN_OBJC_IMPLICIT_RETAIN_SELF = YES;
				CLANG_WARN_OBJC_LITERAL_CONVERSION = YES;
				CLANG_WARN_OBJC_ROOT_CLASS = YES_ERROR;
				CLANG_WARN_RANGE_LOOP_ANALYSIS = YES;
				CLANG_WARN_STRICT_PROTOTYPES = YES;
				CLANG_WARN_SUSPICIOUS_MOVE = YES;
				CLANG_WARN_UNGUARDED_AVAILABILITY = YES_AGGRESSIVE;
				CLANG_WARN_UNREACHABLE_CODE = YES;
				CLANG_WARN__DUPLICATE_METHOD_MATCH = YES;
				COPY_PHASE_STRIP = NO;
				DEBUG_INFORMATION_FORMAT = "dwarf-with-dsym";
				ENABLE_NS_ASSERTIONS = NO;
				ENABLE_STRICT_OBJC_MSGSEND = YES;
				GCC_C_LANGUAGE_STANDARD = gnu11;
				GCC_NO_COMMON_BLOCKS = YES;
				GCC_WARN_64_TO_32_BIT_CONVERSION = YES;
				GCC_WARN_ABOUT_RETURN_TYPE = YES_ERROR;
				GCC_WARN_UNDECLARED_SELECTOR = YES;
				GCC_WARN_UNINITIALIZED_AUTOS = YES_AGGRESSIVE;
				GCC_WARN_UNUSED_FUNCTION = YES;
				GCC_WARN_UNUSED_VARIABLE = YES;
				IPHONEOS_DEPLOYMENT_TARGET = 13.0;
				MTL_ENABLE_DEBUG_INFO = NO;
				MTL_FAST_MATH = YES;
				SDKROOT = iphoneos;
				SWIFT_COMPILATION_MODE = wholemodule;
				SWIFT_OPTIMIZATION_LEVEL = "-O";
				VALIDATE_PRODUCT = YES;
			};
			name = Release;
		};
		EBDD78B3232DCB71008CFC6D /* Debug */ = {
			isa = XCBuildConfiguration;
			buildSettings = {
				ASSETCATALOG_COMPILER_APPICON_NAME = AppIcon;
				CODE_SIGN_STYLE = Automatic;
				INFOPLIST_FILE = "Airbnb-Price-Navigator/Info.plist";
				IPHONEOS_DEPLOYMENT_TARGET = 12.0;
				LD_RUNPATH_SEARCH_PATHS = (
					"$(inherited)",
					"@executable_path/Frameworks",
				);
				PRODUCT_BUNDLE_IDENTIFIER = "com.iyinraphael.Airbnb-Price-Navigator";
				PRODUCT_NAME = "$(TARGET_NAME)";
				SWIFT_VERSION = 4.2;
				TARGETED_DEVICE_FAMILY = "1,2";
			};
			name = Debug;
		};
		EBDD78B4232DCB71008CFC6D /* Release */ = {
			isa = XCBuildConfiguration;
			buildSettings = {
				ASSETCATALOG_COMPILER_APPICON_NAME = AppIcon;
				CODE_SIGN_STYLE = Automatic;
				INFOPLIST_FILE = "Airbnb-Price-Navigator/Info.plist";
				IPHONEOS_DEPLOYMENT_TARGET = 12.0;
				LD_RUNPATH_SEARCH_PATHS = (
					"$(inherited)",
					"@executable_path/Frameworks",
				);
				PRODUCT_BUNDLE_IDENTIFIER = "com.iyinraphael.Airbnb-Price-Navigator";
				PRODUCT_NAME = "$(TARGET_NAME)";
				SWIFT_VERSION = 4.2;
				TARGETED_DEVICE_FAMILY = "1,2";
			};
			name = Release;
		};
/* End XCBuildConfiguration section */

/* Begin XCConfigurationList section */
		EBDD7896232DCB6C008CFC6D /* Build configuration list for PBXProject "Airbnb-Price-Navigator" */ = {
			isa = XCConfigurationList;
			buildConfigurations = (
				EBDD78B0232DCB71008CFC6D /* Debug */,
				EBDD78B1232DCB71008CFC6D /* Release */,
			);
			defaultConfigurationIsVisible = 0;
			defaultConfigurationName = Release;
		};
		EBDD78B2232DCB71008CFC6D /* Build configuration list for PBXNativeTarget "Airbnb-Price-Navigator" */ = {
			isa = XCConfigurationList;
			buildConfigurations = (
				EBDD78B3232DCB71008CFC6D /* Debug */,
				EBDD78B4232DCB71008CFC6D /* Release */,
			);
			defaultConfigurationIsVisible = 0;
			defaultConfigurationName = Release;
		};
/* End XCConfigurationList section */

/* Begin XCVersionGroup section */
		EBDD78A7232DCB6C008CFC6D /* Airbnb_Price_Navigator.xcdatamodeld */ = {
			isa = XCVersionGroup;
			children = (
				EBDD78A8232DCB6C008CFC6D /* Airbnb_Price_Navigator.xcdatamodel */,
			);
			currentVersion = EBDD78A8232DCB6C008CFC6D /* Airbnb_Price_Navigator.xcdatamodel */;
			path = Airbnb_Price_Navigator.xcdatamodeld;
			sourceTree = "<group>";
			versionGroupType = wrapper.xcdatamodel;
		};
/* End XCVersionGroup section */
	};
	rootObject = EBDD7893232DCB6C008CFC6D /* Project object */;
}
